$ANSIBLE_VAULT;1.1;AES256
38643762326266303630343733303839623531393436353462343132366332393663373361383639
3533626664313432383662633733353939663365363235320a366235306130653333363665633535
66353661313237626631393231623731643532343132316138646237303263666631386265623130
3436333839613963320a323738343932653165633665316131306137376163363739343934346635
31613535623062363164326435613863316365613965616238393133316334333732363131353464
36303062306138313764666661323537313335653063323633396362363761313732633938623536
37313537316632383032643266306638316330336666613030386233653533373436346531386539
36343537333535356465343836323265656566616163306361323465336533613865393431356661
37363931613563633436653734353733383232326463656466306266666132616365313733306336
33386532316361666232343230346262653466396262653765353365613038376565653838376537
34323265373964653862623630633666333365663837353961333964323030326535653664326137
38666265306231393233313139626262383930333434346661643130313931356464313536633365
35623231343062346434633832653434636666623131343665636130303231313732383430343338
39616663643665313366306637363733643062646237653166346533386466396635376133393637
33363231336134326164396165613165653563643162396636303638376431663361353334373638
62373163373065656335666337386238313766663637396464633532333131316135313138323133
63303833636432623830313166336433356633643566326436663539616464633837313634636636
62666439323066306635353261656530393039396166663436313133326631346339643737636539
34343236626135393464373835663663643062396463396138303333643432626336353664626239
30316664373030613239373032343764386139333261633237323130323261386134386363613130
38663731383233613835386239356337386532376237646261663064616263306665373364636634
63636365396266343936623966343435643331373439356137323432323062633830373134623132
33623966326231313831336231326265383134326239343533353265396463316237616234333264
31326437616230323734646334663065343032356366626536303332613761643165393237326362
65306166353037343532343738613766376530323861336563633262643736396332383361396564
39326530393037643764383333336464643538653462343931313931333562663833363664363337
31336131663934616664313834666634643066623335376561663732373935393265313032643364
36333537613664313664
